
Microsoft Visual Studio Solution File, Format Version 12.00
# Visual Studio Version 17
VisualStudioVersion = 17.4.33205.214
MinimumVisualStudioVersion = 10.0.40219.1
Project("{8BC9CEB8-8B4A-11D0-8D11-00A0C91BC942}") = "rutherford-scattering-sim", "rutherford-scattering-sim\rutherford-scattering-sim.vcxproj", "{88BEA77F-3959-4648-ABF0-7AD1C6099356}"
EndProject
Project("{9A19103F-16F7-4668-BE54-9A1E7A4F7556}") = "csv-trace-plotter", "csv-trace-plotter\csv-trace-plotter.csproj", "{8637CB33-A489-44AB-A659-93F8A55007C0}"
EndProject
Global
	GlobalSection(SolutionConfigurationPlatforms) = preSolution
		Debug|Any CPU = Debug|Any CPU
		Debug|ARM64 = Debug|ARM64
		Debug|x64 = Debug|x64
		Debug|x86 = Debug|x86
		Release|Any CPU = Release|Any CPU
		Release|ARM64 = Release|ARM64
		Release|x64 = Release|x64
		Release|x86 = Release|x86
	EndGlobalSection
	GlobalSection(ProjectConfigurationPlatforms) = postSolution
		{88BEA77F-3959-4648-ABF0-7AD1C6099356}.Debug|Any CPU.ActiveCfg = Debug|x64
		{88BEA77F-3959-4648-ABF0-7AD1C6099356}.Debug|Any CPU.Build.0 = Debug|x64
		{88BEA77F-3959-4648-ABF0-7AD1C6099356}.Debug|ARM64.ActiveCfg = Debug|x64
		{88BEA77F-3959-4648-ABF0-7AD1C6099356}.Debug|ARM64.Build.0 = Debug|x64
		{88BEA77F-3959-4648-ABF0-7AD1C6099356}.Debug|x64.ActiveCfg = Debug|x64
		{88BEA77F-3959-4648-ABF0-7AD1C6099356}.Debug|x64.Build.0 = Debug|x64
		{88BEA77F-3959-4648-ABF0-7AD1C6099356}.Debug|x86.ActiveCfg = Debug|Win32
		{88BEA77F-3959-4648-ABF0-7AD1C6099356}.Debug|x86.Build.0 = Debug|Win32
		{88BEA77F-3959-4648-ABF0-7AD1C6099356}.Release|Any CPU.ActiveCfg = Release|x64
		{88BEA77F-3959-4648-ABF0-7AD1C6099356}.Release|Any CPU.Build.0 = Release|x64
		{88BEA77F-3959-4648-ABF0-7AD1C6099356}.Release|ARM64.ActiveCfg = Release|ARM64
		{88BEA77F-3959-4648-ABF0-7AD1C6099356}.Release|ARM64.Build.0 = Release|ARM64
		{88BEA77F-3959-4648-ABF0-7AD1C6099356}.Release|x64.ActiveCfg = Release|x64
		{88BEA77F-3959-4648-ABF0-7AD1C6099356}.Release|x64.Build.0 = Release|x64
		{88BEA77F-3959-4648-ABF0-7AD1C6099356}.Release|x86.ActiveCfg = Release|Win32
		{88BEA77F-3959-4648-ABF0-7AD1C6099356}.Release|x86.Build.0 = Release|Win32
		{8637CB33-A489-44AB-A659-93F8A55007C0}.Debug|Any CPU.ActiveCfg = Debug|Any CPU
		{8637CB33-A489-44AB-A659-93F8A55007C0}.Debug|Any CPU.Build.0 = Debug|Any CPU
		{8637CB33-A489-44AB-A659-93F8A55007C0}.Debug|ARM64.ActiveCfg = Debug|Any CPU
		{8637CB33-A489-44AB-A659-93F8A55007C0}.Debug|ARM64.Build.0 = Debug|Any CPU
		{8637CB33-A489-44AB-A659-93F8A55007C0}.Debug|x64.ActiveCfg = Debug|Any CPU
		{8637CB33-A489-44AB-A659-93F8A55007C0}.Debug|x64.Build.0 = Debug|Any CPU
		{8637CB33-A489-44AB-A659-93F8A55007C0}.Debug|x86.ActiveCfg = Debug|Any CPU
		{8637CB33-A489-44AB-A659-93F8A55007C0}.Debug|x86.Build.0 = Debug|Any CPU
		{8637CB33-A489-44AB-A659-93F8A55007C0}.Release|Any CPU.ActiveCfg = Release|Any CPU
		{8637CB33-A489-44AB-A659-93F8A55007C0}.Release|Any CPU.Build.0 = Release|Any CPU
		{8637CB33-A489-44AB-A659-93F8A55007C0}.Release|ARM64.ActiveCfg = Release|Any CPU
		{8637CB33-A489-44AB-A659-93F8A55007C0}.Release|ARM64.Build.0 = Release|Any CPU
		{8637CB33-A489-44AB-A659-93F8A55007C0}.Release|x64.ActiveCfg = Release|Any CPU
		{8637CB33-A489-44AB-A659-93F8A55007C0}.Release|x64.Build.0 = Release|Any CPU
		{8637CB33-A489-44AB-A659-93F8A55007C0}.Release|x86.ActiveCfg = Release|Any CPU
		{8637CB33-A489-44AB-A659-93F8A55007C0}.Release|x86.Build.0 = Release|Any CPU
	EndGlobalSection
	GlobalSection(SolutionProperties) = preSolution
		HideSolutionNode = FALSE
	EndGlobalSection
	GlobalSection(ExtensibilityGlobals) = postSolution
		SolutionGuid = {09B33F8B-A1A8-43E1-8204-6E0A7E17B8BB}
	EndGlobalSection
EndGlobal
